<?xml version="1.0" encoding="utf-8"?>
<Project ToolsVersion="4.0" xmlns="http://schemas.microsoft.com/developer/msbuild/2003">
  <ItemGroup>
    <Filter Include="소스 파일">
      <UniqueIdentifier>{4FC737F1-C7A5-4376-A066-2A32D752A2FF}</UniqueIdentifier>
      <Extensions>cpp;c;cc;cxx;c++;cppm;ixx;def;odl;idl;hpj;bat;asm;asmx</Extensions>
    </Filter>
    <Filter Include="헤더 파일">
      <UniqueIdentifier>{93995380-89BD-4b04-88EB-625FBE52EBFB}</UniqueIdentifier>
      <Extensions>h;hh;hpp;hxx;h++;hm;inl;inc;ipp;xsd</Extensions>
    </Filter>
    <Filter Include="리소스 파일">
      <UniqueIdentifier>{67DA6AB6-F800-4c08-8B7A-83BB121AAD01}</UniqueIdentifier>
      <Extensions>rc;ico;cur;bmp;dlg;rc2;rct;bin;rgs;gif;jpg;jpeg;jpe;resx;tiff;tif;png;wav;mfcribbon-ms</Extensions>
    </Filter>
    <Filter Include="소스 파일\6장 클래스">
      <UniqueIdentifier>{49636832-41a6-4cee-822e-1cb795e3c06c}</UniqueIdentifier>
    </Filter>
    <Filter Include="소스 파일\7장 객체지향 프로그래밍 특징">
      <UniqueIdentifier>{ce7d3e51-d000-4e03-a65b-a98cc901f88f}</UniqueIdentifier>
    </Filter>
    <Filter Include="소스 파일\8장 객체지향을 돕는 기능들">
      <UniqueIdentifier>{40187429-ca54-46a7-9924-3956659ce3e3}</UniqueIdentifier>
    </Filter>
    <Filter Include="소스 파일\9장 객체지향 설계 원칙">
      <UniqueIdentifier>{25aab14d-481e-4968-a974-bd0e2adc0e9d}</UniqueIdentifier>
    </Filter>
    <Filter Include="소스 파일\10장 템플릿">
      <UniqueIdentifier>{5fc203bc-ee56-4461-89a5-862398bc3d6f}</UniqueIdentifier>
    </Filter>
    <Filter Include="소스 파일\11장 C++ 표준 라이브러리">
      <UniqueIdentifier>{048436b7-a6a1-404c-9592-697f2966766d}</UniqueIdentifier>
    </Filter>
  </ItemGroup>
  <ItemGroup>
    <ClCompile Include="6장 클래스.cpp">
      <Filter>소스 파일\6장 클래스</Filter>
    </ClCompile>
    <ClCompile Include="7-1 추상화와 캡슐화.cpp">
      <Filter>소스 파일\7장 객체지향 프로그래밍 특징</Filter>
    </ClCompile>
    <ClCompile Include="7-2 상속.cpp">
      <Filter>소스 파일\7장 객체지향 프로그래밍 특징</Filter>
    </ClCompile>
    <ClCompile Include="7-3 깊은 복사_얕은 복사.cpp">
      <Filter>소스 파일\7장 객체지향 프로그래밍 특징</Filter>
    </ClCompile>
    <ClCompile Include="7-3 멤버 변수 초기화.cpp">
      <Filter>소스 파일\7장 객체지향 프로그래밍 특징</Filter>
    </ClCompile>
    <ClCompile Include="7-3 복사 생성자.cpp">
      <Filter>소스 파일\7장 객체지향 프로그래밍 특징</Filter>
    </ClCompile>
    <ClCompile Include="7-3 생성자.cpp">
      <Filter>소스 파일\7장 객체지향 프로그래밍 특징</Filter>
    </ClCompile>
    <ClCompile Include="7-3 소멸자.cpp">
      <Filter>소스 파일\7장 객체지향 프로그래밍 특징</Filter>
    </ClCompile>
    <ClCompile Include="7-4 this 포인터.cpp">
      <Filter>소스 파일\7장 객체지향 프로그래밍 특징</Filter>
    </ClCompile>
    <ClCompile Include="7-4 멤버 함수 체이닝.cpp">
      <Filter>소스 파일\7장 객체지향 프로그래밍 특징</Filter>
    </ClCompile>
    <ClCompile Include="7-5 가상함수.cpp">
      <Filter>소스 파일\7장 객체지향 프로그래밍 특징</Filter>
    </ClCompile>
    <ClCompile Include="7-5 연산자 오버로딩.cpp">
      <Filter>소스 파일\7장 객체지향 프로그래밍 특징</Filter>
    </ClCompile>
    <ClCompile Include="7-5 함수 오버로딩.cpp">
      <Filter>소스 파일\7장 객체지향 프로그래밍 특징</Filter>
    </ClCompile>
    <ClCompile Include="7-6 접근 지정자와 프렌드.cpp">
      <Filter>소스 파일\7장 객체지향 프로그래밍 특징</Filter>
    </ClCompile>
    <ClCompile Include="8-1 컴포지션과 어그리게이션.cpp">
      <Filter>소스 파일\8장 객체지향을 돕는 기능들</Filter>
    </ClCompile>
    <ClCompile Include="8-2 가상 소멸자.cpp">
      <Filter>소스 파일\8장 객체지향을 돕는 기능들</Filter>
    </ClCompile>
    <ClCompile Include="8-2 가상 함수와 동적 바인딩.cpp">
      <Filter>소스 파일\8장 객체지향을 돕는 기능들</Filter>
    </ClCompile>
    <ClCompile Include="8-2 순수 가상 함수.cpp">
      <Filter>소스 파일\8장 객체지향을 돕는 기능들</Filter>
    </ClCompile>
    <ClCompile Include="8-3 정적 멤버 활용 1.cpp">
      <Filter>소스 파일\8장 객체지향을 돕는 기능들</Filter>
    </ClCompile>
    <ClCompile Include="8-3 추상 클래스.cpp">
      <Filter>소스 파일\8장 객체지향을 돕는 기능들</Filter>
    </ClCompile>
    <ClCompile Include="9-1 SOLID 원칙.cpp">
      <Filter>소스 파일\9장 객체지향 설계 원칙</Filter>
    </ClCompile>
    <ClCompile Include="9-1 단일 책임 원칙%28SRP%29.cpp">
      <Filter>소스 파일\9장 객체지향 설계 원칙</Filter>
    </ClCompile>
    <ClCompile Include="9-2 개방 폐쇄 원칙%28OCP%29.cpp">
      <Filter>소스 파일\9장 객체지향 설계 원칙</Filter>
    </ClCompile>
    <ClCompile Include="9-3 리스코프 치환 원칙%28LSP%29.cpp">
      <Filter>소스 파일\9장 객체지향 설계 원칙</Filter>
    </ClCompile>
    <ClCompile Include="9-4 인터페이스 분리 원칙%28ISP%29.cpp">
      <Filter>소스 파일\9장 객체지향 설계 원칙</Filter>
    </ClCompile>
    <ClCompile Include="9-5 의존성 역전 원칙%28DIP%29.cpp">
      <Filter>소스 파일\9장 객체지향 설계 원칙</Filter>
    </ClCompile>
    <ClCompile Include="10-1 템플릿 특수화.cpp">
      <Filter>소스 파일\10장 템플릿</Filter>
    </ClCompile>
    <ClCompile Include="10-1 함수 템플릿.cpp">
      <Filter>소스 파일\10장 템플릿</Filter>
    </ClCompile>
    <ClCompile Include="10-2 부분 특수화.cpp">
      <Filter>소스 파일\10장 템플릿</Filter>
    </ClCompile>
    <ClCompile Include="10-2 중첩 클래스 템플릿.cpp">
      <Filter>소스 파일\10장 템플릿</Filter>
    </ClCompile>
    <ClCompile Include="10-2 클래스 템플릿 내부에 프랜드 함수 정의.cpp">
      <Filter>소스 파일\10장 템플릿</Filter>
    </ClCompile>
    <ClCompile Include="10-2 클래스 템플릿 외부에 프렌드 함수 정의.cpp">
      <Filter>소스 파일\10장 템플릿</Filter>
    </ClCompile>
    <ClCompile Include="10-2 클래스 템플릿 프렌드.cpp">
      <Filter>소스 파일\10장 템플릿</Filter>
    </ClCompile>
    <ClCompile Include="10-2 클래스 템플릿.cpp">
      <Filter>소스 파일\10장 템플릿</Filter>
    </ClCompile>
    <ClCompile Include="10-2 템플릿 매개변수 기본값.cpp">
      <Filter>소스 파일\10장 템플릿</Filter>
    </ClCompile>
    <ClCompile Include="11-2 문자열 라이브러리.cpp">
      <Filter>소스 파일\11장 C++ 표준 라이브러리</Filter>
    </ClCompile>
    <ClCompile Include="11-3 파일 시스템.cpp">
      <Filter>소스 파일\11장 C++ 표준 라이브러리</Filter>
    </ClCompile>
    <ClCompile Include="11-4 기타 함수.cpp">
      <Filter>소스 파일\11장 C++ 표준 라이브러리</Filter>
    </ClCompile>
  </ItemGroup>
</Project>